
Microsoft Visual Studio Solution File, Format Version 12.00
# Visual Studio Version 17
VisualStudioVersion = 17.5.33424.131
MinimumVisualStudioVersion = 10.0.40219.1
Project("{9A19103F-16F7-4668-BE54-9A1E7A4F7556}") = "AdminBlog", "AdminBlog.csproj", "{50DD1863-5F1F-41FF-95D8-B8AFFC00D79F}"
EndProject
Global
	GlobalSection(SolutionConfigurationPlatforms) = preSolution
		Debug|Any CPU = Debug|Any CPU
		Release|Any CPU = Release|Any CPU
	EndGlobalSection
	GlobalSection(ProjectConfigurationPlatforms) = postSolution
		{50DD1863-5F1F-41FF-95D8-B8AFFC00D79F}.Debug|Any CPU.ActiveCfg = Debug|Any CPU
		{50DD1863-5F1F-41FF-95D8-B8AFFC00D79F}.Debug|Any CPU.Build.0 = Debug|Any CPU
		{50DD1863-5F1F-41FF-95D8-B8AFFC00D79F}.Release|Any CPU.ActiveCfg = Release|Any CPU
		{50DD1863-5F1F-41FF-95D8-B8AFFC00D79F}.Release|Any CPU.Build.0 = Release|Any CPU
	EndGlobalSection
	GlobalSection(SolutionProperties) = preSolution
		HideSolutionNode = FALSE
	EndGlobalSection
	GlobalSection(ExtensibilityGlobals) = postSolution
		SolutionGuid = {7E04D556-30ED-4A88-88C4-1481BAAD7820}
	EndGlobalSection
EndGlobal
